
Microsoft Visual Studio Solution File, Format Version 12.00
# Visual Studio Version 16
VisualStudioVersion = 16.0.31321.278
MinimumVisualStudioVersion = 10.0.40219.1
Project("{FAE04EC0-301F-11D3-BF4B-00C04F79EFBC}") = "Test", "Test\Test.csproj", "{183EABCF-3649-4949-ACA0-E0613CDFDFDA}"
EndProject
Global
	GlobalSection(SolutionConfigurationPlatforms) = preSolution
		Debug|Any CPU = Debug|Any CPU
		Release|Any CPU = Release|Any CPU
	EndGlobalSection
	GlobalSection(ProjectConfigurationPlatforms) = postSolution
		{183EABCF-3649-4949-ACA0-E0613CDFDFDA}.Debug|Any CPU.ActiveCfg = Debug|Any CPU
		{183EABCF-3649-4949-ACA0-E0613CDFDFDA}.Debug|Any CPU.Build.0 = Debug|Any CPU
		{183EABCF-3649-4949-ACA0-E0613CDFDFDA}.Release|Any CPU.ActiveCfg = Release|Any CPU
		{183EABCF-3649-4949-ACA0-E0613CDFDFDA}.Release|Any CPU.Build.0 = Release|Any CPU
	EndGlobalSection
	GlobalSection(SolutionProperties) = preSolution
		HideSolutionNode = FALSE
	EndGlobalSection
	GlobalSection(ExtensibilityGlobals) = postSolution
		SolutionGuid = {E956BD15-212B-4D65-91DA-70268DFFAF89}
	EndGlobalSection
EndGlobal
